
Microsoft Visual Studio Solution File, Format Version 12.00
# Visual Studio Version 17
VisualStudioVersion = 17.2.32317.152
MinimumVisualStudioVersion = 10.0.40219.1
Project("{FAE04EC0-301F-11D3-BF4B-00C04F79EFBC}") = "Benchmark.Blazor", "Benchmark.Blazor.csproj", "{BDE59F2D-E408-4F5A-8048-65B3233DE626}"
EndProject
Global
	GlobalSection(SolutionConfigurationPlatforms) = preSolution
		Debug|Any CPU = Debug|Any CPU
		Release|Any CPU = Release|Any CPU
	EndGlobalSection
	GlobalSection(ProjectConfigurationPlatforms) = postSolution
		{BDE59F2D-E408-4F5A-8048-65B3233DE626}.Debug|Any CPU.ActiveCfg = Debug|Any CPU
		{BDE59F2D-E408-4F5A-8048-65B3233DE626}.Debug|Any CPU.Build.0 = Debug|Any CPU
		{BDE59F2D-E408-4F5A-8048-65B3233DE626}.Release|Any CPU.ActiveCfg = Release|Any CPU
		{BDE59F2D-E408-4F5A-8048-65B3233DE626}.Release|Any CPU.Build.0 = Release|Any CPU
	EndGlobalSection
	GlobalSection(SolutionProperties) = preSolution
		HideSolutionNode = FALSE
	EndGlobalSection
	GlobalSection(ExtensibilityGlobals) = postSolution
		SolutionGuid = {130ADEA0-8DAA-40E9-A125-73A7F8D20022}
	EndGlobalSection
EndGlobal
